
Microsoft Visual Studio Solution File, Format Version 12.00
# Visual Studio 15
VisualStudioVersion = 15.0.27428.2043
MinimumVisualStudioVersion = 10.0.40219.1
Project("{FAE04EC0-301F-11D3-BF4B-00C04F79EFBC}") = "ServidorProyecto", "ServidorProyecto\ServidorProyecto.csproj", "{C4A066A3-8114-430B-B487-EB593AB669A9}"
EndProject
Project("{FAE04EC0-301F-11D3-BF4B-00C04F79EFBC}") = "appEscritorioCieluz", "appEscritorioCieluz\appEscritorioCieluz.csproj", "{4B5E902F-836C-44C6-8BA4-89831478D2F6}"
EndProject
Global
	GlobalSection(SolutionConfigurationPlatforms) = preSolution
		Debug|Any CPU = Debug|Any CPU
		Release|Any CPU = Release|Any CPU
	EndGlobalSection
	GlobalSection(ProjectConfigurationPlatforms) = postSolution
		{C4A066A3-8114-430B-B487-EB593AB669A9}.Debug|Any CPU.ActiveCfg = Debug|Any CPU
		{C4A066A3-8114-430B-B487-EB593AB669A9}.Debug|Any CPU.Build.0 = Debug|Any CPU
		{C4A066A3-8114-430B-B487-EB593AB669A9}.Release|Any CPU.ActiveCfg = Release|Any CPU
		{C4A066A3-8114-430B-B487-EB593AB669A9}.Release|Any CPU.Build.0 = Release|Any CPU
		{4B5E902F-836C-44C6-8BA4-89831478D2F6}.Debug|Any CPU.ActiveCfg = Debug|Any CPU
		{4B5E902F-836C-44C6-8BA4-89831478D2F6}.Debug|Any CPU.Build.0 = Debug|Any CPU
		{4B5E902F-836C-44C6-8BA4-89831478D2F6}.Release|Any CPU.ActiveCfg = Release|Any CPU
		{4B5E902F-836C-44C6-8BA4-89831478D2F6}.Release|Any CPU.Build.0 = Release|Any CPU
	EndGlobalSection
	GlobalSection(SolutionProperties) = preSolution
		HideSolutionNode = FALSE
	EndGlobalSection
	GlobalSection(ExtensibilityGlobals) = postSolution
		SolutionGuid = {00FB3EF8-8727-433E-9BB8-5D267B91D9FD}
	EndGlobalSection
EndGlobal
